
Microsoft Visual Studio Solution File, Format Version 11.00
# Visual Studio 2010
Project("{FAE04EC0-301F-11D3-BF4B-00C04F79EFBC}") = "ösly_mania", "Assembly-CSharp.csproj", "{BDA3FC05-9B61-74DD-43C0-14E7F2C71049}"
EndProject
Global
	GlobalSection(SolutionConfigurationPlatforms) = preSolution
		Debug|Any CPU = Debug|Any CPU
		Release|Any CPU = Release|Any CPU
	EndGlobalSection
	GlobalSection(ProjectConfigurationPlatforms) = postSolution
		{BDA3FC05-9B61-74DD-43C0-14E7F2C71049}.Debug|Any CPU.ActiveCfg = Debug|Any CPU
		{BDA3FC05-9B61-74DD-43C0-14E7F2C71049}.Debug|Any CPU.Build.0 = Debug|Any CPU
		{BDA3FC05-9B61-74DD-43C0-14E7F2C71049}.Release|Any CPU.ActiveCfg = Release|Any CPU
		{BDA3FC05-9B61-74DD-43C0-14E7F2C71049}.Release|Any CPU.Build.0 = Release|Any CPU
	EndGlobalSection
	GlobalSection(SolutionProperties) = preSolution
		HideSolutionNode = FALSE
	EndGlobalSection
	GlobalSection(MonoDevelopProperties) = preSolution
		StartupItem = Assembly-CSharp.csproj
	EndGlobalSection
EndGlobal
